// !$*UTF8*$!
{
	archiveVersion = 1;
	classes = {
	};
	objectVersion = 46;
	objects = {

/* Begin PBXBuildFile section */
		FBB49CA01BC1C7AF004745F7 /* AppDelegate.swift in Sources */ = {isa = PBXBuildFile; fileRef = FBB49C9F1BC1C7AF004745F7 /* AppDelegate.swift */; };
		FBB49CA21BC1C7AF004745F7 /* ViewController.swift in Sources */ = {isa = PBXBuildFile; fileRef = FBB49CA11BC1C7AF004745F7 /* ViewController.swift */; };
		FBB49CA51BC1C7AF004745F7 /* Main.storyboard in Resources */ = {isa = PBXBuildFile; fileRef = FBB49CA31BC1C7AF004745F7 /* Main.storyboard */; };
		FBB49CA71BC1C7AF004745F7 /* Assets.xcassets in Resources */ = {isa = PBXBuildFile; fileRef = FBB49CA61BC1C7AF004745F7 /* Assets.xcassets */; };
		FBB49CAA1BC1C7AF004745F7 /* LaunchScreen.storyboard in Resources */ = {isa = PBXBuildFile; fileRef = FBB49CA81BC1C7AF004745F7 /* LaunchScreen.storyboard */; };
		FBB49CB51BC1C7AF004745F7 /* AmericanFootballCardsTests.swift in Sources */ = {isa = PBXBuildFile; fileRef = FBB49CB41BC1C7AF004745F7 /* AmericanFootballCardsTests.swift */; };
		FBB49CC01BC1C7AF004745F7 /* AmericanFootballCardsUITests.swift in Sources */ = {isa = PBXBuildFile; fileRef = FBB49CBF1BC1C7AF004745F7 /* AmericanFootballCardsUITests.swift */; };
/* End PBXBuildFile section */

/* Begin PBXContainerItemProxy section */
		FBB49CB11BC1C7AF004745F7 /* PBXContainerItemProxy */ = {
			isa = PBXContainerItemProxy;
			containerPortal = FBB49C941BC1C7AF004745F7 /* Project object */;
			proxyType = 1;
			remoteGlobalIDString = FBB49C9B1BC1C7AF004745F7;
			remoteInfo = AmericanFootballCards;
		};
		FBB49CBC1BC1C7AF004745F7 /* PBXContainerItemProxy */ = {
			isa = PBXContainerItemProxy;
			containerPortal = FBB49C941BC1C7AF004745F7 /* Project object */;
			proxyType = 1;
			remoteGlobalIDString = FBB49C9B1BC1C7AF004745F7;
			remoteInfo = AmericanFootballCards;
		};
/* End PBXContainerItemProxy section */

/* Begin PBXFileReference section */
		FBB49C9C1BC1C7AF004745F7 /* AmericanFootballCards.app */ = {isa = PBXFileReference; explicitFileType = wrapper.application; includeInIndex = 0; path = AmericanFootballCards.app; sourceTree = BUILT_PRODUCTS_DIR; };
		FBB49C9F1BC1C7AF004745F7 /* AppDelegate.swift */ = {isa = PBXFileReference; lastKnownFileType = sourcecode.swift; path = AppDelegate.swift; sourceTree = "<group>"; };
		FBB49CA11BC1C7AF004745F7 /* ViewController.swift */ = {isa = PBXFileReference; lastKnownFileType = sourcecode.swift; path = ViewController.swift; sourceTree = "<group>"; };
		FBB49CA41BC1C7AF004745F7 /* Base */ = {isa = PBXFileReference; lastKnownFileType = file.storyboard; name = Base; path = Base.lproj/Main.storyboard; sourceTree = "<group>"; };
		FBB49CA61BC1C7AF004745F7 /* Assets.xcassets */ = {isa = PBXFileReference; lastKnownFileType = folder.assetcatalog; path = Assets.xcassets; sourceTree = "<group>"; };
		FBB49CA91BC1C7AF004745F7 /* Base */ = {isa = PBXFileReference; lastKnownFileType = file.storyboard; name = Base; path = Base.lproj/LaunchScreen.storyboard; sourceTree = "<group>"; };
		FBB49CAB1BC1C7AF004745F7 /* Info.plist */ = {isa = PBXFileReference; lastKnownFileType = text.plist.xml; path = Info.plist; sourceTree = "<group>"; };
		FBB49CB01BC1C7AF004745F7 /* AmericanFootballCardsTests.xctest */ = {isa = PBXFileReference; explicitFileType = wrapper.cfbundle; includeInIndex = 0; path = AmericanFootballCardsTests.xctest; sourceTree = BUILT_PRODUCTS_DIR; };
		FBB49CB41BC1C7AF004745F7 /* AmericanFootballCardsTests.swift */ = {isa = PBXFileReference; lastKnownFileType = sourcecode.swift; path = AmericanFootballCardsTests.swift; sourceTree = "<group>"; };
		FBB49CB61BC1C7AF004745F7 /* Info.plist */ = {isa = PBXFileReference; lastKnownFileType = text.plist.xml; path = Info.plist; sourceTree = "<group>"; };
		FBB49CBB1BC1C7AF004745F7 /* AmericanFootballCardsUITests.xctest */ = {isa = PBXFileReference; explicitFileType = wrapper.cfbundle; includeInIndex = 0; path = AmericanFootballCardsUITests.xctest; sourceTree = BUILT_PRODUCTS_DIR; };
		FBB49CBF1BC1C7AF004745F7 /* AmericanFootballCardsUITests.swift */ = {isa = PBXFileReference; lastKnownFileType = sourcecode.swift; path = AmericanFootballCardsUITests.swift; sourceTree = "<group>"; };
		FBB49CC11BC1C7AF004745F7 /* Info.plist */ = {isa = PBXFileReference; lastKnownFileType = text.plist.xml; path = Info.plist; sourceTree = "<group>"; };
/* End PBXFileReference section */

/* Begin PBXFrameworksBuildPhase section */
		FBB49C991BC1C7AF004745F7 /* Frameworks */ = {
			isa = PBXFrameworksBuildPhase;
			buildActionMask = 2147483647;
			files = (
			);
			runOnlyForDeploymentPostprocessing = 0;
		};
		FBB49CAD1BC1C7AF004745F7 /* Frameworks */ = {
			isa = PBXFrameworksBuildPhase;
			buildActionMask = 2147483647;
			files = (
			);
			runOnlyForDeploymentPostprocessing = 0;
		};
		FBB49CB81BC1C7AF004745F7 /* Frameworks */ = {
			isa = PBXFrameworksBuildPhase;
			buildActionMask = 2147483647;
			files = (
			);
			runOnlyForDeploymentPostprocessing = 0;
		};
/* End PBXFrameworksBuildPhase section */

/* Begin PBXGroup section */
		FBB49C931BC1C7AF004745F7 = {
			isa = PBXGroup;
			children = (
				FBB49C9E1BC1C7AF004745F7 /* AmericanFootballCards */,
				FBB49CB31BC1C7AF004745F7 /* AmericanFootballCardsTests */,
				FBB49CBE1BC1C7AF004745F7 /* AmericanFootballCardsUITests */,
				FBB49C9D1BC1C7AF004745F7 /* Products */,
			);
			sourceTree = "<group>";
		};
		FBB49C9D1BC1C7AF004745F7 /* Products */ = {
			isa = PBXGroup;
			children = (
				FBB49C9C1BC1C7AF004745F7 /* AmericanFootballCards.app */,
				FBB49CB01BC1C7AF004745F7 /* AmericanFootballCardsTests.xctest */,
				FBB49CBB1BC1C7AF004745F7 /* AmericanFootballCardsUITests.xctest */,
			);
			name = Products;
			sourceTree = "<group>";
		};
		FBB49C9E1BC1C7AF004745F7 /* AmericanFootballCards */ = {
			isa = PBXGroup;
			children = (
				FBB49C9F1BC1C7AF004745F7 /* AppDelegate.swift */,
				FBB49CA11BC1C7AF004745F7 /* ViewController.swift */,
				FBB49CA31BC1C7AF004745F7 /* Main.storyboard */,
				FBB49CA61BC1C7AF004745F7 /* Assets.xcassets */,
				FBB49CA81BC1C7AF004745F7 /* LaunchScreen.storyboard */,
				FBB49CAB1BC1C7AF004745F7 /* Info.plist */,
			);
			path = AmericanFootballCards;
			sourceTree = "<group>";
		};
		FBB49CB31BC1C7AF004745F7 /* AmericanFootballCardsTests */ = {
			isa = PBXGroup;
			children = (
				FBB49CB41BC1C7AF004745F7 /* AmericanFootballCardsTests.swift */,
				FBB49CB61BC1C7AF004745F7 /* Info.plist */,
			);
			path = AmericanFootballCardsTests;
			sourceTree = "<group>";
		};
		FBB49CBE1BC1C7AF004745F7 /* AmericanFootballCardsUITests */ = {
			isa = PBXGroup;
			children = (
				FBB49CBF1BC1C7AF004745F7 /* AmericanFootballCardsUITests.swift */,
				FBB49CC11BC1C7AF004745F7 /* Info.plist */,
			);
			path = AmericanFootballCardsUITests;
			sourceTree = "<group>";
		};
/* End PBXGroup section */

/* Begin PBXNativeTarget section */
		FBB49C9B1BC1C7AF004745F7 /* AmericanFootballCards */ = {
			isa = PBXNativeTarget;
			buildConfigurationList = FBB49CC41BC1C7AF004745F7 /* Build configuration list for PBXNativeTarget "AmericanFootballCards" */;
			buildPhases = (
				FBB49C981BC1C7AF004745F7 /* Sources */,
				FBB49C991BC1C7AF004745F7 /* Frameworks */,
				FBB49C9A1BC1C7AF004745F7 /* Resources */,
			);
			buildRules = (
			);
			dependencies = (
			);
			name = AmericanFootballCards;
			productName = AmericanFootballCards;
			productReference = FBB49C9C1BC1C7AF004745F7 /* AmericanFootballCards.app */;
			productType = "com.apple.product-type.application";
		};
		FBB49CAF1BC1C7AF004745F7 /* AmericanFootballCardsTests */ = {
			isa = PBXNativeTarget;
			buildConfigurationList = FBB49CC71BC1C7AF004745F7 /* Build configuration list for PBXNativeTarget "AmericanFootballCardsTests" */;
			buildPhases = (
				FBB49CAC1BC1C7AF004745F7 /* Sources */,
				FBB49CAD1BC1C7AF004745F7 /* Frameworks */,
				FBB49CAE1BC1C7AF004745F7 /* Resources */,
			);
			buildRules = (
			);
			dependencies = (
				FBB49CB21BC1C7AF004745F7 /* PBXTargetDependency */,
			);
			name = AmericanFootballCardsTests;
			productName = AmericanFootballCardsTests;
			productReference = FBB49CB01BC1C7AF004745F7 /* AmericanFootballCardsTests.xctest */;
			productType = "com.apple.product-type.bundle.unit-test";
		};
		FBB49CBA1BC1C7AF004745F7 /* AmericanFootballCardsUITests */ = {
			isa = PBXNativeTarget;
			buildConfigurationList = FBB49CCA1BC1C7AF004745F7 /* Build configuration list for PBXNativeTarget "AmericanFootballCardsUITests" */;
			buildPhases = (
				FBB49CB71BC1C7AF004745F7 /* Sources */,
				FBB49CB81BC1C7AF004745F7 /* Frameworks */,
				FBB49CB91BC1C7AF004745F7 /* Resources */,
			);
			buildRules = (
			);
			dependencies = (
				FBB49CBD1BC1C7AF004745F7 /* PBXTargetDependency */,
			);
			name = AmericanFootballCardsUITests;
			productName = AmericanFootballCardsUITests;
			productReference = FBB49CBB1BC1C7AF004745F7 /* AmericanFootballCardsUITests.xctest */;
			productType = "com.apple.product-type.bundle.ui-testing";
		};
/* End PBXNativeTarget section */

/* Begin PBXProject section */
		FBB49C941BC1C7AF004745F7 /* Project object */ = {
			isa = PBXProject;
			attributes = {
				LastUpgradeCheck = 0700;
				ORGANIZATIONNAME = "Shannon Coyne";
				TargetAttributes = {
					FBB49C9B1BC1C7AF004745F7 = {
						CreatedOnToolsVersion = 7.0.1;
					};
					FBB49CAF1BC1C7AF004745F7 = {
						CreatedOnToolsVersion = 7.0.1;
						TestTargetID = FBB49C9B1BC1C7AF004745F7;
					};
					FBB49CBA1BC1C7AF004745F7 = {
						CreatedOnToolsVersion = 7.0.1;
						TestTargetID = FBB49C9B1BC1C7AF004745F7;
					};
				};
			};
			buildConfigurationList = FBB49C971BC1C7AF004745F7 /* Build configuration list for PBXProject "AmericanFootballCards" */;
			compatibilityVersion = "Xcode 3.2";
			developmentRegion = English;
			hasScannedForEncodings = 0;
			knownRegions = (
				en,
				Base,
			);
			mainGroup = FBB49C931BC1C7AF004745F7;
			productRefGroup = FBB49C9D1BC1C7AF004745F7 /* Products */;
			projectDirPath = "";
			projectRoot = "";
			targets = (
				FBB49C9B1BC1C7AF004745F7 /* AmericanFootballCards */,
				FBB49CAF1BC1C7AF004745F7 /* AmericanFootballCardsTests */,
				FBB49CBA1BC1C7AF004745F7 /* AmericanFootballCardsUITests */,
			);
		};
/* End PBXProject section */

/* Begin PBXResourcesBuildPhase section */
		FBB49C9A1BC1C7AF004745F7 /* Resources */ = {
			isa = PBXResourcesBuildPhase;
			buildActionMask = 2147483647;
			files = (
				FBB49CAA1BC1C7AF004745F7 /* LaunchScreen.storyboard in Resources */,
				FBB49CA71BC1C7AF004745F7 /* Assets.xcassets in Resources */,
				FBB49CA51BC1C7AF004745F7 /* Main.storyboard in Resources */,
			);
			runOnlyForDeploymentPostprocessing = 0;
		};
		FBB49CAE1BC1C7AF004745F7 /* Resources */ = {
			isa = PBXResourcesBuildPhase;
			buildActionMask = 2147483647;
			files = (
			);
			runOnlyForDeploymentPostprocessing = 0;
		};
		FBB49CB91BC1C7AF004745F7 /* Resources */ = {
			isa = PBXResourcesBuildPhase;
			buildActionMask = 2147483647;
			files = (
			);
			runOnlyForDeploymentPostprocessing = 0;
		};
/* End PBXResourcesBuildPhase section */

/* Begin PBXSourcesBuildPhase section */
		FBB49C981BC1C7AF004745F7 /* Sources */ = {
			isa = PBXSourcesBuildPhase;
			buildActionMask = 2147483647;
			files = (
				FBB49CA21BC1C7AF004745F7 /* ViewController.swift in Sources */,
				FBB49CA01BC1C7AF004745F7 /* AppDelegate.swift in Sources */,
			);
			runOnlyForDeploymentPostprocessing = 0;
		};
		FBB49CAC1BC1C7AF004745F7 /* Sources */ = {
			isa = PBXSourcesBuildPhase;
			buildActionMask = 2147483647;
			files = (
				FBB49CB51BC1C7AF004745F7 /* AmericanFootballCardsTests.swift in Sources */,
			);
			runOnlyForDeploymentPostprocessing = 0;
		};
		FBB49CB71BC1C7AF004745F7 /* Sources */ = {
			isa = PBXSourcesBuildPhase;
			buildActionMask = 2147483647;
			files = (
				FBB49CC01BC1C7AF004745F7 /* AmericanFootballCardsUITests.swift in Sources */,
			);
			runOnlyForDeploymentPostprocessing = 0;
		};
/* End PBXSourcesBuildPhase section */

/* Begin PBXTargetDependency section */
		FBB49CB21BC1C7AF004745F7 /* PBXTargetDependency */ = {
			isa = PBXTargetDependency;
			target = FBB49C9B1BC1C7AF004745F7 /* AmericanFootballCards */;
			targetProxy = FBB49CB11BC1C7AF004745F7 /* PBXContainerItemProxy */;
		};
		FBB49CBD1BC1C7AF004745F7 /* PBXTargetDependency */ = {
			isa = PBXTargetDependency;
			target = FBB49C9B1BC1C7AF004745F7 /* AmericanFootballCards */;
			targetProxy = FBB49CBC1BC1C7AF004745F7 /* PBXContainerItemProxy */;
		};
/* End PBXTargetDependency section */

/* Begin PBXVariantGroup section */
		FBB49CA31BC1C7AF004745F7 /* Main.storyboard */ = {
			isa = PBXVariantGroup;
			children = (
				FBB49CA41BC1C7AF004745F7 /* Base */,
			);
			name = Main.storyboard;
			sourceTree = "<group>";
		};
		FBB49CA81BC1C7AF004745F7 /* LaunchScreen.storyboard */ = {
			isa = PBXVariantGroup;
			children = (
				FBB49CA91BC1C7AF004745F7 /* Base */,
			);
			name = LaunchScreen.storyboard;
			sourceTree = "<group>";
		};
/* End PBXVariantGroup section */

/* Begin XCBuildConfiguration section */
		FBB49CC21BC1C7AF004745F7 /* Debug */ = {
			isa = XCBuildConfiguration;
			buildSettings = {
				ALWAYS_SEARCH_USER_PATHS = NO;
				CLANG_CXX_LANGUAGE_STANDARD = "gnu++0x";
				CLANG_CXX_LIBRARY = "libc++";
				CLANG_ENABLE_MODULES = YES;
				CLANG_ENABLE_OBJC_ARC = YES;
				CLANG_WARN_BOOL_CONVERSION = YES;
				CLANG_WARN_CONSTANT_CONVERSION = YES;
				CLANG_WARN_DIRECT_OBJC_ISA_USAGE = YES_ERROR;
				CLANG_WARN_EMPTY_BODY = YES;
				CLANG_WARN_ENUM_CONVERSION = YES;
				CLANG_WARN_INT_CONVERSION = YES;
				CLANG_WARN_OBJC_ROOT_CLASS = YES_ERROR;
				CLANG_WARN_UNREACHABLE_CODE = YES;
				CLANG_WARN__DUPLICATE_METHOD_MATCH = YES;
				"CODE_SIGN_IDENTITY[sdk=iphoneos*]" = "iPhone Developer";
				COPY_PHASE_STRIP = NO;
				DEBUG_INFORMATION_FORMAT = dwarf;
				ENABLE_STRICT_OBJC_MSGSEND = YES;
				ENABLE_TESTABILITY = YES;
				GCC_C_LANGUAGE_STANDARD = gnu99;
				GCC_DYNAMIC_NO_PIC = NO;
				GCC_NO_COMMON_BLOCKS = YES;
				GCC_OPTIMIZATION_LEVEL = 0;
				GCC_PREPROCESSOR_DEFINITIONS = (
					"DEBUG=1",
					"$(inherited)",
				);
				GCC_WARN_64_TO_32_BIT_CONVERSION = YES;
				GCC_WARN_ABOUT_RETURN_TYPE = YES_ERROR;
				GCC_WARN_UNDECLARED_SELECTOR = YES;
				GCC_WARN_UNINITIALIZED_AUTOS = YES_AGGRESSIVE;
				GCC_WARN_UNUSED_FUNCTION = YES;
				GCC_WARN_UNUSED_VARIABLE = YES;
				IPHONEOS_DEPLOYMENT_TARGET = 9.0;
				MTL_ENABLE_DEBUG_INFO = YES;
				ONLY_ACTIVE_ARCH = YES;
				SDKROOT = iphoneos;
				SWIFT_OPTIMIZATION_LEVEL = "-Onone";
				TARGETED_DEVICE_FAMILY = "1,2";
			};
			name = Debug;
		};
		FBB49CC31BC1C7AF004745F7 /* Release */ = {
			isa = XCBuildConfiguration;
			buildSettings = {
				ALWAYS_SEARCH_USER_PATHS = NO;
				CLANG_CXX_LANGUAGE_STANDARD = "gnu++0x";
				CLANG_CXX_LIBRARY = "libc++";
				CLANG_ENABLE_MODULES = YES;
				CLANG_ENABLE_OBJC_ARC = YES;
				CLANG_WARN_BOOL_CONVERSION = YES;
				CLANG_WARN_CONSTANT_CONVERSION = YES;
				CLANG_WARN_DIRECT_OBJC_ISA_USAGE = YES_ERROR;
				CLANG_WARN_EMPTY_BODY = YES;
				CLANG_WARN_ENUM_CONVERSION = YES;
				CLANG_WARN_INT_CONVERSION = YES;
				CLANG_WARN_OBJC_ROOT_CLASS = YES_ERROR;
				CLANG_WARN_UNREACHABLE_CODE = YES;
				CLANG_WARN__DUPLICATE_METHOD_MATCH = YES;
				"CODE_SIGN_IDENTITY[sdk=iphoneos*]" = "iPhone Developer";
				COPY_PHASE_STRIP = NO;
				DEBUG_INFORMATION_FORMAT = "dwarf-with-dsym";
				ENABLE_NS_ASSERTIONS = NO;
				ENABLE_STRICT_OBJC_MSGSEND = YES;
				GCC_C_LANGUAGE_STANDARD = gnu99;
				GCC_NO_COMMON_BLOCKS = YES;
				GCC_WARN_64_TO_32_BIT_CONVERSION = YES;
				GCC_WARN_ABOUT_RETURN_TYPE = YES_ERROR;
				GCC_WARN_UNDECLARED_SELECTOR = YES;
				GCC_WARN_UNINITIALIZED_AUTOS = YES_AGGRESSIVE;
				GCC_WARN_UNUSED_FUNCTION = YES;
				GCC_WARN_UNUSED_VARIABLE = YES;
				IPHONEOS_DEPLOYMENT_TARGET = 9.0;
				MTL_ENABLE_DEBUG_INFO = NO;
				SDKROOT = iphoneos;
				TARGETED_DEVICE_FAMILY = "1,2";
				VALIDATE_PRODUCT = YES;
			};
			name = Release;
		};
		FBB49CC51BC1C7AF004745F7 /* Debug */ = {
			isa = XCBuildConfiguration;
			buildSettings = {
				ASSETCATALOG_COMPILER_APPICON_NAME = AppIcon;
				INFOPLIST_FILE = AmericanFootballCards/Info.plist;
				LD_RUNPATH_SEARCH_PATHS = "$(inherited) @executable_path/Frameworks";
				PRODUCT_BUNDLE_IDENTIFIER = edu.harvard.cscis65.AmericanFootballCards;
				PRODUCT_NAME = "$(TARGET_NAME)";
			};
			name = Debug;
		};
		FBB49CC61BC1C7AF004745F7 /* Release */ = {
			isa = XCBuildConfiguration;
			buildSettings = {
				ASSETCATALOG_COMPILER_APPICON_NAME = AppIcon;
				INFOPLIST_FILE = AmericanFootballCards/Info.plist;
				LD_RUNPATH_SEARCH_PATHS = "$(inherited) @executable_path/Frameworks";
				PRODUCT_BUNDLE_IDENTIFIER = edu.harvard.cscis65.AmericanFootballCards;
				PRODUCT_NAME = "$(TARGET_NAME)";
			};
			name = Release;
		};
		FBB49CC81BC1C7AF004745F7 /* Debug */ = {
			isa = XCBuildConfiguration;
			buildSettings = {
				BUNDLE_LOADER = "$(TEST_HOST)";
				INFOPLIST_FILE = AmericanFootballCardsTests/Info.plist;
				LD_RUNPATH_SEARCH_PATHS = "$(inherited) @executable_path/Frameworks @loader_path/Frameworks";
				PRODUCT_BUNDLE_IDENTIFIER = edu.harvard.cscis65.AmericanFootballCardsTests;
				PRODUCT_NAME = "$(TARGET_NAME)";
				TEST_HOST = "$(BUILT_PRODUCTS_DIR)/AmericanFootballCards.app/AmericanFootballCards";
			};
			name = Debug;
		};
		FBB49CC91BC1C7AF004745F7 /* Release */ = {
			isa = XCBuildConfiguration;
			buildSettings = {
				BUNDLE_LOADER = "$(TEST_HOST)";
				INFOPLIST_FILE = AmericanFootballCardsTests/Info.plist;
				LD_RUNPATH_SEARCH_PATHS = "$(inherited) @executable_path/Frameworks @loader_path/Frameworks";
				PRODUCT_BUNDLE_IDENTIFIER = edu.harvard.cscis65.AmericanFootballCardsTests;
				PRODUCT_NAME = "$(TARGET_NAME)";
				TEST_HOST = "$(BUILT_PRODUCTS_DIR)/AmericanFootballCards.app/AmericanFootballCards";
			};
			name = Release;
		};
		FBB49CCB1BC1C7AF004745F7 /* Debug */ = {
			isa = XCBuildConfiguration;
			buildSettings = {
				INFOPLIST_FILE = AmericanFootballCardsUITests/Info.plist;
				LD_RUNPATH_SEARCH_PATHS = "$(inherited) @executable_path/Frameworks @loader_path/Frameworks";
				PRODUCT_BUNDLE_IDENTIFIER = edu.harvard.cscis65.AmericanFootballCardsUITests;
				PRODUCT_NAME = "$(TARGET_NAME)";
				TEST_TARGET_NAME = AmericanFootballCards;
				USES_XCTRUNNER = YES;
			};
			name = Debug;
		};
		FBB49CCC1BC1C7AF004745F7 /* Release */ = {
			isa = XCBuildConfiguration;
			buildSettings = {
				INFOPLIST_FILE = AmericanFootballCardsUITests/Info.plist;
				LD_RUNPATH_SEARCH_PATHS = "$(inherited) @executable_path/Frameworks @loader_path/Frameworks";
				PRODUCT_BUNDLE_IDENTIFIER = edu.harvard.cscis65.AmericanFootballCardsUITests;
				PRODUCT_NAME = "$(TARGET_NAME)";
				TEST_TARGET_NAME = AmericanFootballCards;
				USES_XCTRUNNER = YES;
			};
			name = Release;
		};
/* End XCBuildConfiguration section */

/* Begin XCConfigurationList section */
		FBB49C971BC1C7AF004745F7 /* Build configuration list for PBXProject "AmericanFootballCards" */ = {
			isa = XCConfigurationList;
			buildConfigurations = (
				FBB49CC21BC1C7AF004745F7 /* Debug */,
				FBB49CC31BC1C7AF004745F7 /* Release */,
			);
			defaultConfigurationIsVisible = 0;
			defaultConfigurationName = Release;
		};
		FBB49CC41BC1C7AF004745F7 /* Build configuration list for PBXNativeTarget "AmericanFootballCards" */ = {
			isa = XCConfigurationList;
			buildConfigurations = (
				FBB49CC51BC1C7AF004745F7 /* Debug */,
				FBB49CC61BC1C7AF004745F7 /* Release */,
			);
			defaultConfigurationIsVisible = 0;
		};
		FBB49CC71BC1C7AF004745F7 /* Build configuration list for PBXNativeTarget "AmericanFootballCardsTests" */ = {
			isa = XCConfigurationList;
			buildConfigurations = (
				FBB49CC81BC1C7AF004745F7 /* Debug */,
				FBB49CC91BC1C7AF004745F7 /* Release */,
			);
			defaultConfigurationIsVisible = 0;
		};
		FBB49CCA1BC1C7AF004745F7 /* Build configuration list for PBXNativeTarget "AmericanFootballCardsUITests" */ = {
			isa = XCConfigurationList;
			buildConfigurations = (
				FBB49CCB1BC1C7AF004745F7 /* Debug */,
				FBB49CCC1BC1C7AF004745F7 /* Release */,
			);
			defaultConfigurationIsVisible = 0;
		};
/* End XCConfigurationList section */
	};
	rootObject = FBB49C941BC1C7AF004745F7 /* Project object */;
}
